{
  "name": "koch-repo",
  "lockfileVersion": 3,
  "requires": true,
  "packages": {
    "": {
      "name": "koch-repo",
      "dependencies": {
        "cloudinary": "^2.5.1"
      },
      "devDependencies": {
        "dotenv": "^16.4.5"
      }
    },
    "node_modules/cloudinary": {
      "version": "2.11.0",
      "resolved": "https://registry.npmjs.org/cloudinary/-/cloudinary-2.11.0.tgz",
      "integrity": "sha512-o2pAkDDqrzPFE/mn9GCfFjBIGQmPs++Ts6rtkFl4vY528DNHiMovKWjH16HBjeGa9iwI7eAad24aWN2emT0aww==",
      "license": "MIT",
      "dependencies": {
        "lodash": "^4.17.23"
      },
      "engines": {
        "node": ">=9"
      }
    },
    "node_modules/dotenv": {
      "version": "16.6.1",
      "resolved": "https://registry.npmjs.org/dotenv/-/dotenv-16.6.1.tgz",
      "integrity": "sha512-uBq4egWHTcTt33a72vpSG0z3HnPuIl6NqYcTrKEg2azoEyl2hpW0zqlxysq2pK9HlDIHyHyakeYaYnSAwd8bow==",
      "dev": true,
      "license": "BSD-2-Clause",
      "engines": {
        "node": ">=12"
      },
      "funding": {
        "url": "https://dotenvx.com"
      }
    },
    "node_modules/lodash": {
      "version": "4.18.1",
      "resolved": "https://registry.npmjs.org/lodash/-/lodash-4.18.1.tgz",
      "integrity": "sha512-dMInicTPVE8d1e5otfwmmjlxkZoUpiVLwyeTdUsi/Caj/gfzzblBcCE5sRHV/AsjuCmxWrte2TNGSYuCeCq+0Q==",
      "license": "MIT"
    }
  }
}
